
Microsoft Visual Studio Solution File, Format Version 12.00
# Visual Studio 15
VisualStudioVersion = 15.0.27004.2008
MinimumVisualStudioVersion = 10.0.40219.1
Project("{FAE04EC0-301F-11D3-BF4B-00C04F79EFBC}") = "ApplicationQuotations", "ApplicationQuotations\ApplicationQuotations.csproj", "{FB127F89-2F7A-4235-93A8-C8D2C99524EA}"
EndProject
Global
	GlobalSection(SolutionConfigurationPlatforms) = preSolution
		Debug|Any CPU = Debug|Any CPU
		Release|Any CPU = Release|Any CPU
	EndGlobalSection
	GlobalSection(ProjectConfigurationPlatforms) = postSolution
		{FB127F89-2F7A-4235-93A8-C8D2C99524EA}.Debug|Any CPU.ActiveCfg = Debug|Any CPU
		{FB127F89-2F7A-4235-93A8-C8D2C99524EA}.Debug|Any CPU.Build.0 = Debug|Any CPU
		{FB127F89-2F7A-4235-93A8-C8D2C99524EA}.Release|Any CPU.ActiveCfg = Release|Any CPU
		{FB127F89-2F7A-4235-93A8-C8D2C99524EA}.Release|Any CPU.Build.0 = Release|Any CPU
	EndGlobalSection
	GlobalSection(SolutionProperties) = preSolution
		HideSolutionNode = FALSE
	EndGlobalSection
	GlobalSection(ExtensibilityGlobals) = postSolution
		SolutionGuid = {D375BD0E-3962-4C64-8E6A-8C77DC0EDF53}
	EndGlobalSection
EndGlobal
